// !$*UTF8*$!
{
	archiveVersion = 1;
	classes = {
	};
	objectVersion = 46;
	objects = {

/* Begin PBXBuildFile section */
		103505741BFC15C400065C7D /* JKScrollView.m in Sources */ = {isa = PBXBuildFile; fileRef = 103505731BFC15C400065C7D /* JKScrollView.m */; };
		1035057B1BFC45FB00065C7D /* FXBlurView.m in Sources */ = {isa = PBXBuildFile; fileRef = 1035057A1BFC45FB00065C7D /* FXBlurView.m */; };
		1039D57C1BE9B53600A56BE9 /* main.m in Sources */ = {isa = PBXBuildFile; fileRef = 1039D57B1BE9B53600A56BE9 /* main.m */; };
		1039D57F1BE9B53600A56BE9 /* AppDelegate.m in Sources */ = {isa = PBXBuildFile; fileRef = 1039D57E1BE9B53600A56BE9 /* AppDelegate.m */; };
		1039D5821BE9B53600A56BE9 /* ViewController.m in Sources */ = {isa = PBXBuildFile; fileRef = 1039D5811BE9B53600A56BE9 /* ViewController.m */; };
		1039D5851BE9B53600A56BE9 /* Main.storyboard in Resources */ = {isa = PBXBuildFile; fileRef = 1039D5831BE9B53600A56BE9 /* Main.storyboard */; };
		1039D5871BE9B53600A56BE9 /* Assets.xcassets in Resources */ = {isa = PBXBuildFile; fileRef = 1039D5861BE9B53600A56BE9 /* Assets.xcassets */; };
		1039D58A1BE9B53600A56BE9 /* LaunchScreen.storyboard in Resources */ = {isa = PBXBuildFile; fileRef = 1039D5881BE9B53600A56BE9 /* LaunchScreen.storyboard */; };
		1039D5951BE9B53600A56BE9 /* BlueToothBLETests.m in Sources */ = {isa = PBXBuildFile; fileRef = 1039D5941BE9B53600A56BE9 /* BlueToothBLETests.m */; };
		1039D5A01BE9B53600A56BE9 /* BlueToothBLEUITests.m in Sources */ = {isa = PBXBuildFile; fileRef = 1039D59F1BE9B53600A56BE9 /* BlueToothBLEUITests.m */; };
		10A8271D1C02D955005C9BAD /* JKSceneModel.m in Sources */ = {isa = PBXBuildFile; fileRef = 10A8271C1C02D955005C9BAD /* JKSceneModel.m */; };
		10A8273C1C02E804005C9BAD /* JKBLEModel.m in Sources */ = {isa = PBXBuildFile; fileRef = 10A8273B1C02E804005C9BAD /* JKBLEModel.m */; };
		10A827401C02EDAB005C9BAD /* JKSaveSceneTool.m in Sources */ = {isa = PBXBuildFile; fileRef = 10A8273F1C02EDAB005C9BAD /* JKSaveSceneTool.m */; };
		10B08ABA1BF9741400A30654 /* JKTabBarController.m in Sources */ = {isa = PBXBuildFile; fileRef = 10B08AB91BF9741400A30654 /* JKTabBarController.m */; };
		10B08ABD1BFABB9C00A30654 /* JKDefineMenuView.m in Sources */ = {isa = PBXBuildFile; fileRef = 10B08ABC1BFABB9C00A30654 /* JKDefineMenuView.m */; };
		10B08AC01BFAFD0C00A30654 /* JKColorPicker.m in Sources */ = {isa = PBXBuildFile; fileRef = 10B08ABF1BFAFD0C00A30654 /* JKColorPicker.m */; };
		C6188EF81BEB09CC00E2F684 /* UIColor-Expanded.m in Sources */ = {isa = PBXBuildFile; fileRef = C6188EF51BEB09CC00E2F684 /* UIColor-Expanded.m */; };
		C6188EF91BEB09CC00E2F684 /* UIImage+ColorAtPixel.m in Sources */ = {isa = PBXBuildFile; fileRef = C6188EF71BEB09CC00E2F684 /* UIImage+ColorAtPixel.m */; };
		C6188F011BEB0B5800E2F684 /* JKBLEDeviceUtil.m in Sources */ = {isa = PBXBuildFile; fileRef = C6188EFC1BEB0B5800E2F684 /* JKBLEDeviceUtil.m */; };
		C6188F021BEB0B5800E2F684 /* JKBLEManager.m in Sources */ = {isa = PBXBuildFile; fileRef = C6188EFE1BEB0B5800E2F684 /* JKBLEManager.m */; };
		C6188F031BEB0B5800E2F684 /* JKBLEServicAndCharacter.m in Sources */ = {isa = PBXBuildFile; fileRef = C6188F001BEB0B5800E2F684 /* JKBLEServicAndCharacter.m */; };
		C64F8E301BFCC5E10067339C /* JKModeListViewController.m in Sources */ = {isa = PBXBuildFile; fileRef = C64F8E2F1BFCC5E10067339C /* JKModeListViewController.m */; };
		C64F8E331BFCC6DB0067339C /* JKMusicViewController.m in Sources */ = {isa = PBXBuildFile; fileRef = C64F8E321BFCC6DB0067339C /* JKMusicViewController.m */; };
		C64F8E361BFCC7050067339C /* JKTimerViewController.m in Sources */ = {isa = PBXBuildFile; fileRef = C64F8E351BFCC7050067339C /* JKTimerViewController.m */; };
		C68A77B01BF8BB09001BBA04 /* JKTopLightView.m in Sources */ = {isa = PBXBuildFile; fileRef = C68A77AF1BF8BB09001BBA04 /* JKTopLightView.m */; };
		C6EF30FA1BEB515800AF2133 /* JKScenesViewController.m in Sources */ = {isa = PBXBuildFile; fileRef = C6EF30F91BEB515800AF2133 /* JKScenesViewController.m */; };
		C6EF30FE1BEB569600AF2133 /* JKSceneViewCell.m in Sources */ = {isa = PBXBuildFile; fileRef = C6EF30FD1BEB569600AF2133 /* JKSceneViewCell.m */; };
		C6EF31011BEB6C0500AF2133 /* Localizable.strings in Resources */ = {isa = PBXBuildFile; fileRef = C6EF31031BEB6C0500AF2133 /* Localizable.strings */; };
		C6EF31081BEB7EE200AF2133 /* JKScenesTableViewController.m in Sources */ = {isa = PBXBuildFile; fileRef = C6EF31071BEB7EE200AF2133 /* JKScenesTableViewController.m */; };
		C6F014B31C04A4BE0051A56F /* JKBLEsManager.m in Sources */ = {isa = PBXBuildFile; fileRef = C6F014B21C04A4BE0051A56F /* JKBLEsManager.m */; };
		C6FD4E201BF5D51000B1D6C5 /* JKNewScenceController.m in Sources */ = {isa = PBXBuildFile; fileRef = C6FD4E1F1BF5D51000B1D6C5 /* JKNewScenceController.m */; };
		C6FD4E241BF5DDEB00B1D6C5 /* JKNavigationController.m in Sources */ = {isa = PBXBuildFile; fileRef = C6FD4E231BF5DDEB00B1D6C5 /* JKNavigationController.m */; };
		C6FD4E271BF5DF1200B1D6C5 /* JKControlViewController.m in Sources */ = {isa = PBXBuildFile; fileRef = C6FD4E261BF5DF1200B1D6C5 /* JKControlViewController.m */; };
		C6FD4E2A1BF5EADA00B1D6C5 /* JKGroupTableViewController.m in Sources */ = {isa = PBXBuildFile; fileRef = C6FD4E281BF5EADA00B1D6C5 /* JKGroupTableViewController.m */; };
/* End PBXBuildFile section */

/* Begin PBXContainerItemProxy section */
		1039D5911BE9B53600A56BE9 /* PBXContainerItemProxy */ = {
			isa = PBXContainerItemProxy;
			containerPortal = 1039D56F1BE9B53600A56BE9 /* Project object */;
			proxyType = 1;
			remoteGlobalIDString = 1039D5761BE9B53600A56BE9;
			remoteInfo = BlueToothBLE;
		};
		1039D59C1BE9B53600A56BE9 /* PBXContainerItemProxy */ = {
			isa = PBXContainerItemProxy;
			containerPortal = 1039D56F1BE9B53600A56BE9 /* Project object */;
			proxyType = 1;
			remoteGlobalIDString = 1039D5761BE9B53600A56BE9;
			remoteInfo = BlueToothBLE;
		};
/* End PBXContainerItemProxy section */

/* Begin PBXFileReference section */
		103505721BFC15C400065C7D /* JKScrollView.h */ = {isa = PBXFileReference; fileEncoding = 4; lastKnownFileType = sourcecode.c.h; path = JKScrollView.h; sourceTree = "<group>"; };
		103505731BFC15C400065C7D /* JKScrollView.m */ = {isa = PBXFileReference; fileEncoding = 4; lastKnownFileType = sourcecode.c.objc; path = JKScrollView.m; sourceTree = "<group>"; };
		103505791BFC45FB00065C7D /* FXBlurView.h */ = {isa = PBXFileReference; fileEncoding = 4; lastKnownFileType = sourcecode.c.h; path = FXBlurView.h; sourceTree = "<group>"; };
		1035057A1BFC45FB00065C7D /* FXBlurView.m */ = {isa = PBXFileReference; fileEncoding = 4; lastKnownFileType = sourcecode.c.objc; path = FXBlurView.m; sourceTree = "<group>"; };
		1039D5771BE9B53600A56BE9 /* BlueToothBLE.app */ = {isa = PBXFileReference; explicitFileType = wrapper.application; includeInIndex = 0; path = BlueToothBLE.app; sourceTree = BUILT_PRODUCTS_DIR; };
		1039D57B1BE9B53600A56BE9 /* main.m */ = {isa = PBXFileReference; lastKnownFileType = sourcecode.c.objc; path = main.m; sourceTree = "<group>"; };
		1039D57D1BE9B53600A56BE9 /* AppDelegate.h */ = {isa = PBXFileReference; lastKnownFileType = sourcecode.c.h; path = AppDelegate.h; sourceTree = "<group>"; };
		1039D57E1BE9B53600A56BE9 /* AppDelegate.m */ = {isa = PBXFileReference; lastKnownFileType = sourcecode.c.objc; path = AppDelegate.m; sourceTree = "<group>"; };
		1039D5801BE9B53600A56BE9 /* ViewController.h */ = {isa = PBXFileReference; lastKnownFileType = sourcecode.c.h; path = ViewController.h; sourceTree = "<group>"; };
		1039D5811BE9B53600A56BE9 /* ViewController.m */ = {isa = PBXFileReference; lastKnownFileType = sourcecode.c.objc; path = ViewController.m; sourceTree = "<group>"; };
		1039D5841BE9B53600A56BE9 /* Base */ = {isa = PBXFileReference; lastKnownFileType = file.storyboard; name = Base; path = Base.lproj/Main.storyboard; sourceTree = "<group>"; };
		1039D5861BE9B53600A56BE9 /* Assets.xcassets */ = {isa = PBXFileReference; lastKnownFileType = folder.assetcatalog; path = Assets.xcassets; sourceTree = "<group>"; };
		1039D5891BE9B53600A56BE9 /* Base */ = {isa = PBXFileReference; lastKnownFileType = file.storyboard; name = Base; path = Base.lproj/LaunchScreen.storyboard; sourceTree = "<group>"; };
		1039D58B1BE9B53600A56BE9 /* Info.plist */ = {isa = PBXFileReference; lastKnownFileType = text.plist.xml; path = Info.plist; sourceTree = "<group>"; };
		1039D5901BE9B53600A56BE9 /* BlueToothBLETests.xctest */ = {isa = PBXFileReference; explicitFileType = wrapper.cfbundle; includeInIndex = 0; path = BlueToothBLETests.xctest; sourceTree = BUILT_PRODUCTS_DIR; };
		1039D5941BE9B53600A56BE9 /* BlueToothBLETests.m */ = {isa = PBXFileReference; lastKnownFileType = sourcecode.c.objc; path = BlueToothBLETests.m; sourceTree = "<group>"; };
		1039D5961BE9B53600A56BE9 /* Info.plist */ = {isa = PBXFileReference; lastKnownFileType = text.plist.xml; path = Info.plist; sourceTree = "<group>"; };
		1039D59B1BE9B53600A56BE9 /* BlueToothBLEUITests.xctest */ = {isa = PBXFileReference; explicitFileType = wrapper.cfbundle; includeInIndex = 0; path = BlueToothBLEUITests.xctest; sourceTree = BUILT_PRODUCTS_DIR; };
		1039D59F1BE9B53600A56BE9 /* BlueToothBLEUITests.m */ = {isa = PBXFileReference; lastKnownFileType = sourcecode.c.objc; path = BlueToothBLEUITests.m; sourceTree = "<group>"; };
		1039D5A11BE9B53600A56BE9 /* Info.plist */ = {isa = PBXFileReference; lastKnownFileType = text.plist.xml; path = Info.plist; sourceTree = "<group>"; };
		10A8271B1C02D955005C9BAD /* JKSceneModel.h */ = {isa = PBXFileReference; fileEncoding = 4; lastKnownFileType = sourcecode.c.h; path = JKSceneModel.h; sourceTree = "<group>"; };
		10A8271C1C02D955005C9BAD /* JKSceneModel.m */ = {isa = PBXFileReference; fileEncoding = 4; lastKnownFileType = sourcecode.c.objc; path = JKSceneModel.m; sourceTree = "<group>"; };
		10A8273A1C02E804005C9BAD /* JKBLEModel.h */ = {isa = PBXFileReference; fileEncoding = 4; lastKnownFileType = sourcecode.c.h; path = JKBLEModel.h; sourceTree = "<group>"; };
		10A8273B1C02E804005C9BAD /* JKBLEModel.m */ = {isa = PBXFileReference; fileEncoding = 4; lastKnownFileType = sourcecode.c.objc; path = JKBLEModel.m; sourceTree = "<group>"; };
		10A8273E1C02EDAB005C9BAD /* JKSaveSceneTool.h */ = {isa = PBXFileReference; fileEncoding = 4; lastKnownFileType = sourcecode.c.h; path = JKSaveSceneTool.h; sourceTree = "<group>"; };
		10A8273F1C02EDAB005C9BAD /* JKSaveSceneTool.m */ = {isa = PBXFileReference; fileEncoding = 4; lastKnownFileType = sourcecode.c.objc; path = JKSaveSceneTool.m; sourceTree = "<group>"; };
		10B08AB81BF9741400A30654 /* JKTabBarController.h */ = {isa = PBXFileReference; fileEncoding = 4; lastKnownFileType = sourcecode.c.h; path = JKTabBarController.h; sourceTree = "<group>"; };
		10B08AB91BF9741400A30654 /* JKTabBarController.m */ = {isa = PBXFileReference; fileEncoding = 4; lastKnownFileType = sourcecode.c.objc; path = JKTabBarController.m; sourceTree = "<group>"; };
		10B08ABB1BFABB9C00A30654 /* JKDefineMenuView.h */ = {isa = PBXFileReference; fileEncoding = 4; lastKnownFileType = sourcecode.c.h; path = JKDefineMenuView.h; sourceTree = "<group>"; };
		10B08ABC1BFABB9C00A30654 /* JKDefineMenuView.m */ = {isa = PBXFileReference; fileEncoding = 4; lastKnownFileType = sourcecode.c.objc; path = JKDefineMenuView.m; sourceTree = "<group>"; };
		10B08ABE1BFAFD0C00A30654 /* JKColorPicker.h */ = {isa = PBXFileReference; fileEncoding = 4; lastKnownFileType = sourcecode.c.h; path = JKColorPicker.h; sourceTree = "<group>"; };
		10B08ABF1BFAFD0C00A30654 /* JKColorPicker.m */ = {isa = PBXFileReference; fileEncoding = 4; lastKnownFileType = sourcecode.c.objc; path = JKColorPicker.m; sourceTree = "<group>"; };
		C6188EEE1BEB030D00E2F684 /* PrefixHeader.pch */ = {isa = PBXFileReference; fileEncoding = 4; lastKnownFileType = sourcecode.c.h; path = PrefixHeader.pch; sourceTree = "<group>"; };
		C6188EEF1BEB071300E2F684 /* common.h */ = {isa = PBXFileReference; fileEncoding = 4; lastKnownFileType = sourcecode.c.h; path = common.h; sourceTree = "<group>"; };
		C6188EF41BEB09CC00E2F684 /* UIColor-Expanded.h */ = {isa = PBXFileReference; fileEncoding = 4; lastKnownFileType = sourcecode.c.h; path = "UIColor-Expanded.h"; sourceTree = "<group>"; };
		C6188EF51BEB09CC00E2F684 /* UIColor-Expanded.m */ = {isa = PBXFileReference; fileEncoding = 4; lastKnownFileType = sourcecode.c.objc; path = "UIColor-Expanded.m"; sourceTree = "<group>"; };
		C6188EF61BEB09CC00E2F684 /* UIImage+ColorAtPixel.h */ = {isa = PBXFileReference; fileEncoding = 4; lastKnownFileType = sourcecode.c.h; path = "UIImage+ColorAtPixel.h"; sourceTree = "<group>"; };
		C6188EF71BEB09CC00E2F684 /* UIImage+ColorAtPixel.m */ = {isa = PBXFileReference; fileEncoding = 4; lastKnownFileType = sourcecode.c.objc; path = "UIImage+ColorAtPixel.m"; sourceTree = "<group>"; };
		C6188EFB1BEB0B5800E2F684 /* JKBLEDeviceUtil.h */ = {isa = PBXFileReference; fileEncoding = 4; lastKnownFileType = sourcecode.c.h; path = JKBLEDeviceUtil.h; sourceTree = "<group>"; };
		C6188EFC1BEB0B5800E2F684 /* JKBLEDeviceUtil.m */ = {isa = PBXFileReference; fileEncoding = 4; lastKnownFileType = sourcecode.c.objc; path = JKBLEDeviceUtil.m; sourceTree = "<group>"; };
		C6188EFD1BEB0B5800E2F684 /* JKBLEManager.h */ = {isa = PBXFileReference; fileEncoding = 4; lastKnownFileType = sourcecode.c.h; path = JKBLEManager.h; sourceTree = "<group>"; };
		C6188EFE1BEB0B5800E2F684 /* JKBLEManager.m */ = {isa = PBXFileReference; fileEncoding = 4; lastKnownFileType = sourcecode.c.objc; path = JKBLEManager.m; sourceTree = "<group>"; };
		C6188EFF1BEB0B5800E2F684 /* JKBLEServicAndCharacter.h */ = {isa = PBXFileReference; fileEncoding = 4; lastKnownFileType = sourcecode.c.h; path = JKBLEServicAndCharacter.h; sourceTree = "<group>"; };
		C6188F001BEB0B5800E2F684 /* JKBLEServicAndCharacter.m */ = {isa = PBXFileReference; fileEncoding = 4; lastKnownFileType = sourcecode.c.objc; path = JKBLEServicAndCharacter.m; sourceTree = "<group>"; };
		C6188F041BEB0C2400E2F684 /* JKLEDSendDataDelegate.h */ = {isa = PBXFileReference; fileEncoding = 4; lastKnownFileType = sourcecode.c.h; path = JKLEDSendDataDelegate.h; sourceTree = "<group>"; };
		C64F8E2E1BFCC5E10067339C /* JKModeListViewController.h */ = {isa = PBXFileReference; fileEncoding = 4; lastKnownFileType = sourcecode.c.h; path = JKModeListViewController.h; sourceTree = "<group>"; };
		C64F8E2F1BFCC5E10067339C /* JKModeListViewController.m */ = {isa = PBXFileReference; fileEncoding = 4; lastKnownFileType = sourcecode.c.objc; path = JKModeListViewController.m; sourceTree = "<group>"; };
		C64F8E311BFCC6DB0067339C /* JKMusicViewController.h */ = {isa = PBXFileReference; fileEncoding = 4; lastKnownFileType = sourcecode.c.h; path = JKMusicViewController.h; sourceTree = "<group>"; };
		C64F8E321BFCC6DB0067339C /* JKMusicViewController.m */ = {isa = PBXFileReference; fileEncoding = 4; lastKnownFileType = sourcecode.c.objc; path = JKMusicViewController.m; sourceTree = "<group>"; };
		C64F8E341BFCC7050067339C /* JKTimerViewController.h */ = {isa = PBXFileReference; fileEncoding = 4; lastKnownFileType = sourcecode.c.h; path = JKTimerViewController.h; sourceTree = "<group>"; };
		C64F8E351BFCC7050067339C /* JKTimerViewController.m */ = {isa = PBXFileReference; fileEncoding = 4; lastKnownFileType = sourcecode.c.objc; path = JKTimerViewController.m; sourceTree = "<group>"; };
		C68A77AE1BF8BB09001BBA04 /* JKTopLightView.h */ = {isa = PBXFileReference; fileEncoding = 4; lastKnownFileType = sourcecode.c.h; path = JKTopLightView.h; sourceTree = "<group>"; };
		C68A77AF1BF8BB09001BBA04 /* JKTopLightView.m */ = {isa = PBXFileReference; fileEncoding = 4; lastKnownFileType = sourcecode.c.objc; path = JKTopLightView.m; sourceTree = "<group>"; };
		C6EF30F81BEB515800AF2133 /* JKScenesViewController.h */ = {isa = PBXFileReference; fileEncoding = 4; lastKnownFileType = sourcecode.c.h; path = JKScenesViewController.h; sourceTree = "<group>"; };
		C6EF30F91BEB515800AF2133 /* JKScenesViewController.m */ = {isa = PBXFileReference; fileEncoding = 4; lastKnownFileType = sourcecode.c.objc; path = JKScenesViewController.m; sourceTree = "<group>"; };
		C6EF30FC1BEB569600AF2133 /* JKSceneViewCell.h */ = {isa = PBXFileReference; fileEncoding = 4; lastKnownFileType = sourcecode.c.h; path = JKSceneViewCell.h; sourceTree = "<group>"; };
		C6EF30FD1BEB569600AF2133 /* JKSceneViewCell.m */ = {isa = PBXFileReference; fileEncoding = 4; lastKnownFileType = sourcecode.c.objc; path = JKSceneViewCell.m; sourceTree = "<group>"; };
		C6EF31021BEB6C0500AF2133 /* en */ = {isa = PBXFileReference; lastKnownFileType = text.plist.strings; name = en; path = en.lproj/Localizable.strings; sourceTree = "<group>"; };
		C6EF31041BEB6C0900AF2133 /* Base */ = {isa = PBXFileReference; lastKnownFileType = text.plist.strings; name = Base; path = Base.lproj/Localizable.strings; sourceTree = "<group>"; };
		C6EF31051BEB6C3A00AF2133 /* zh-Hans */ = {isa = PBXFileReference; lastKnownFileType = text.plist.strings; name = "zh-Hans"; path = "zh-Hans.lproj/Localizable.strings"; sourceTree = "<group>"; };
		C6EF31061BEB7EE200AF2133 /* JKScenesTableViewController.h */ = {isa = PBXFileReference; fileEncoding = 4; lastKnownFileType = sourcecode.c.h; path = JKScenesTableViewController.h; sourceTree = "<group>"; };
		C6EF31071BEB7EE200AF2133 /* JKScenesTableViewController.m */ = {isa = PBXFileReference; fileEncoding = 4; lastKnownFileType = sourcecode.c.objc; path = JKScenesTableViewController.m; sourceTree = "<group>"; };
		C6F014B11C04A4BE0051A56F /* JKBLEsManager.h */ = {isa = PBXFileReference; fileEncoding = 4; lastKnownFileType = sourcecode.c.h; path = JKBLEsManager.h; sourceTree = "<group>"; };
		C6F014B21C04A4BE0051A56F /* JKBLEsManager.m */ = {isa = PBXFileReference; fileEncoding = 4; lastKnownFileType = sourcecode.c.objc; path = JKBLEsManager.m; sourceTree = "<group>"; };
		C6FD4E1E1BF5D51000B1D6C5 /* JKNewScenceController.h */ = {isa = PBXFileReference; fileEncoding = 4; lastKnownFileType = sourcecode.c.h; path = JKNewScenceController.h; sourceTree = "<group>"; };
		C6FD4E1F1BF5D51000B1D6C5 /* JKNewScenceController.m */ = {isa = PBXFileReference; fileEncoding = 4; lastKnownFileType = sourcecode.c.objc; path = JKNewScenceController.m; sourceTree = "<group>"; };
		C6FD4E221BF5DDEB00B1D6C5 /* JKNavigationController.h */ = {isa = PBXFileReference; fileEncoding = 4; lastKnownFileType = sourcecode.c.h; path = JKNavigationController.h; sourceTree = "<group>"; };
		C6FD4E231BF5DDEB00B1D6C5 /* JKNavigationController.m */ = {isa = PBXFileReference; fileEncoding = 4; lastKnownFileType = sourcecode.c.objc; path = JKNavigationController.m; sourceTree = "<group>"; };
		C6FD4E251BF5DF1200B1D6C5 /* JKControlViewController.h */ = {isa = PBXFileReference; fileEncoding = 4; lastKnownFileType = sourcecode.c.h; path = JKControlViewController.h; sourceTree = "<group>"; };
		C6FD4E261BF5DF1200B1D6C5 /* JKControlViewController.m */ = {isa = PBXFileReference; fileEncoding = 4; lastKnownFileType = sourcecode.c.objc; path = JKControlViewController.m; sourceTree = "<group>"; };
		C6FD4E281BF5EADA00B1D6C5 /* JKGroupTableViewController.m */ = {isa = PBXFileReference; fileEncoding = 4; lastKnownFileType = sourcecode.c.objc; path = JKGroupTableViewController.m; sourceTree = "<group>"; };
		C6FD4E291BF5EADA00B1D6C5 /* JKGroupTableViewController.h */ = {isa = PBXFileReference; fileEncoding = 4; lastKnownFileType = sourcecode.c.h; path = JKGroupTableViewController.h; sourceTree = "<group>"; };
/* End PBXFileReference section */

/* Begin PBXFrameworksBuildPhase section */
		1039D5741BE9B53600A56BE9 /* Frameworks */ = {
			isa = PBXFrameworksBuildPhase;
			buildActionMask = 2147483647;
			files = (
			);
			runOnlyForDeploymentPostprocessing = 0;
		};
		1039D58D1BE9B53600A56BE9 /* Frameworks */ = {
			isa = PBXFrameworksBuildPhase;
			buildActionMask = 2147483647;
			files = (
			);
			runOnlyForDeploymentPostprocessing = 0;
		};
		1039D5981BE9B53600A56BE9 /* Frameworks */ = {
			isa = PBXFrameworksBuildPhase;
			buildActionMask = 2147483647;
			files = (
			);
			runOnlyForDeploymentPostprocessing = 0;
		};
/* End PBXFrameworksBuildPhase section */

/* Begin PBXGroup section */
		103505781BFC45FB00065C7D /* FXBlurView */ = {
			isa = PBXGroup;
			children = (
				103505791BFC45FB00065C7D /* FXBlurView.h */,
				1035057A1BFC45FB00065C7D /* FXBlurView.m */,
			);
			path = FXBlurView;
			sourceTree = "<group>";
		};
		1039D56E1BE9B53600A56BE9 = {
			isa = PBXGroup;
			children = (
				1039D5791BE9B53600A56BE9 /* BlueToothBLE */,
				1039D5931BE9B53600A56BE9 /* BlueToothBLETests */,
				1039D59E1BE9B53600A56BE9 /* BlueToothBLEUITests */,
				1039D5781BE9B53600A56BE9 /* Products */,
			);
			sourceTree = "<group>";
		};
		1039D5781BE9B53600A56BE9 /* Products */ = {
			isa = PBXGroup;
			children = (
				1039D5771BE9B53600A56BE9 /* BlueToothBLE.app */,
				1039D5901BE9B53600A56BE9 /* BlueToothBLETests.xctest */,
				1039D59B1BE9B53600A56BE9 /* BlueToothBLEUITests.xctest */,
			);
			name = Products;
			sourceTree = "<group>";
		};
		1039D5791BE9B53600A56BE9 /* BlueToothBLE */ = {
			isa = PBXGroup;
			children = (
				C6188EF21BEB095000E2F684 /* Libs */,
				C6109E671BEB16910050C8EB /* Scene */,
				C6188F0A1BEB0E8100E2F684 /* Help */,
				C6188F091BEB0E7700E2F684 /* Control */,
				C6188F081BEB0E5500E2F684 /* Search */,
				1039D57D1BE9B53600A56BE9 /* AppDelegate.h */,
				1039D57E1BE9B53600A56BE9 /* AppDelegate.m */,
				1039D5801BE9B53600A56BE9 /* ViewController.h */,
				1039D5811BE9B53600A56BE9 /* ViewController.m */,
				1039D5831BE9B53600A56BE9 /* Main.storyboard */,
				1039D5861BE9B53600A56BE9 /* Assets.xcassets */,
				1039D5881BE9B53600A56BE9 /* LaunchScreen.storyboard */,
				1039D58B1BE9B53600A56BE9 /* Info.plist */,
				1039D57A1BE9B53600A56BE9 /* Supporting Files */,
			);
			path = BlueToothBLE;
			sourceTree = "<group>";
		};
		1039D57A1BE9B53600A56BE9 /* Supporting Files */ = {
			isa = PBXGroup;
			children = (
				1039D57B1BE9B53600A56BE9 /* main.m */,
				C6188EEE1BEB030D00E2F684 /* PrefixHeader.pch */,
				C6188EEF1BEB071300E2F684 /* common.h */,
				C6EF31031BEB6C0500AF2133 /* Localizable.strings */,
			);
			name = "Supporting Files";
			sourceTree = "<group>";
		};
		1039D5931BE9B53600A56BE9 /* BlueToothBLETests */ = {
			isa = PBXGroup;
			children = (
				1039D5941BE9B53600A56BE9 /* BlueToothBLETests.m */,
				1039D5961BE9B53600A56BE9 /* Info.plist */,
			);
			path = BlueToothBLETests;
			sourceTree = "<group>";
		};
		1039D59E1BE9B53600A56BE9 /* BlueToothBLEUITests */ = {
			isa = PBXGroup;
			children = (
				1039D59F1BE9B53600A56BE9 /* BlueToothBLEUITests.m */,
				1039D5A11BE9B53600A56BE9 /* Info.plist */,
			);
			path = BlueToothBLEUITests;
			sourceTree = "<group>";
		};
		10A8271A1C02D91F005C9BAD /* model */ = {
			isa = PBXGroup;
			children = (
				10A8271B1C02D955005C9BAD /* JKSceneModel.h */,
				10A8271C1C02D955005C9BAD /* JKSceneModel.m */,
				10A8273A1C02E804005C9BAD /* JKBLEModel.h */,
				10A8273B1C02E804005C9BAD /* JKBLEModel.m */,
			);
			name = model;
			sourceTree = "<group>";
		};
		10A8273D1C02ED6C005C9BAD /* Tool */ = {
			isa = PBXGroup;
			children = (
				10A8273E1C02EDAB005C9BAD /* JKSaveSceneTool.h */,
				10A8273F1C02EDAB005C9BAD /* JKSaveSceneTool.m */,
				C6F014B11C04A4BE0051A56F /* JKBLEsManager.h */,
				C6F014B21C04A4BE0051A56F /* JKBLEsManager.m */,
			);
			name = Tool;
			sourceTree = "<group>";
		};
		C6109E671BEB16910050C8EB /* Scene */ = {
			isa = PBXGroup;
			children = (
				10A8273D1C02ED6C005C9BAD /* Tool */,
				10A8271A1C02D91F005C9BAD /* model */,
				C6EF30FB1BEB563000AF2133 /* View */,
				C6EF30F81BEB515800AF2133 /* JKScenesViewController.h */,
				C6EF30F91BEB515800AF2133 /* JKScenesViewController.m */,
				C6EF31061BEB7EE200AF2133 /* JKScenesTableViewController.h */,
				C6EF31071BEB7EE200AF2133 /* JKScenesTableViewController.m */,
				C6FD4E1E1BF5D51000B1D6C5 /* JKNewScenceController.h */,
				C6FD4E1F1BF5D51000B1D6C5 /* JKNewScenceController.m */,
			);
			name = Scene;
			sourceTree = "<group>";
		};
		C6188EF21BEB095000E2F684 /* Libs */ = {
			isa = PBXGroup;
			children = (
				103505781BFC45FB00065C7D /* FXBlurView */,
				C6FD4E211BF5DDBD00B1D6C5 /* MyUIKit */,
				C6188EFA1BEB0B1500E2F684 /* BLE */,
				C6188EF31BEB09A400E2F684 /* Color */,
			);
			name = Libs;
			sourceTree = "<group>";
		};
		C6188EF31BEB09A400E2F684 /* Color */ = {
			isa = PBXGroup;
			children = (
				C6188EF41BEB09CC00E2F684 /* UIColor-Expanded.h */,
				C6188EF51BEB09CC00E2F684 /* UIColor-Expanded.m */,
				C6188EF61BEB09CC00E2F684 /* UIImage+ColorAtPixel.h */,
				C6188EF71BEB09CC00E2F684 /* UIImage+ColorAtPixel.m */,
			);
			name = Color;
			sourceTree = "<group>";
		};
		C6188EFA1BEB0B1500E2F684 /* BLE */ = {
			isa = PBXGroup;
			children = (
				C6188F041BEB0C2400E2F684 /* JKLEDSendDataDelegate.h */,
				C6188EFB1BEB0B5800E2F684 /* JKBLEDeviceUtil.h */,
				C6188EFC1BEB0B5800E2F684 /* JKBLEDeviceUtil.m */,
				C6188EFD1BEB0B5800E2F684 /* JKBLEManager.h */,
				C6188EFE1BEB0B5800E2F684 /* JKBLEManager.m */,
				C6188EFF1BEB0B5800E2F684 /* JKBLEServicAndCharacter.h */,
				C6188F001BEB0B5800E2F684 /* JKBLEServicAndCharacter.m */,
			);
			name = BLE;
			sourceTree = "<group>";
		};
		C6188F081BEB0E5500E2F684 /* Search */ = {
			isa = PBXGroup;
			children = (
				C6FD4E291BF5EADA00B1D6C5 /* JKGroupTableViewController.h */,
				C6FD4E281BF5EADA00B1D6C5 /* JKGroupTableViewController.m */,
			);
			name = Search;
			sourceTree = "<group>";
		};
		C6188F091BEB0E7700E2F684 /* Control */ = {
			isa = PBXGroup;
			children = (
				C68A77AD1BF8BAAC001BBA04 /* view */,
				C6FD4E251BF5DF1200B1D6C5 /* JKControlViewController.h */,
				C6FD4E261BF5DF1200B1D6C5 /* JKControlViewController.m */,
				C64F8E2E1BFCC5E10067339C /* JKModeListViewController.h */,
				C64F8E2F1BFCC5E10067339C /* JKModeListViewController.m */,
				C64F8E311BFCC6DB0067339C /* JKMusicViewController.h */,
				C64F8E321BFCC6DB0067339C /* JKMusicViewController.m */,
				C64F8E341BFCC7050067339C /* JKTimerViewController.h */,
				C64F8E351BFCC7050067339C /* JKTimerViewController.m */,
			);
			name = Control;
			sourceTree = "<group>";
		};
		C6188F0A1BEB0E8100E2F684 /* Help */ = {
			isa = PBXGroup;
			children = (
			);
			name = Help;
			sourceTree = "<group>";
		};
		C68A77AD1BF8BAAC001BBA04 /* view */ = {
			isa = PBXGroup;
			children = (
				C68A77AE1BF8BB09001BBA04 /* JKTopLightView.h */,
				C68A77AF1BF8BB09001BBA04 /* JKTopLightView.m */,
				10B08ABE1BFAFD0C00A30654 /* JKColorPicker.h */,
				10B08ABF1BFAFD0C00A30654 /* JKColorPicker.m */,
				103505721BFC15C400065C7D /* JKScrollView.h */,
				103505731BFC15C400065C7D /* JKScrollView.m */,
			);
			name = view;
			sourceTree = "<group>";
		};
		C6EF30FB1BEB563000AF2133 /* View */ = {
			isa = PBXGroup;
			children = (
				C6EF30FC1BEB569600AF2133 /* JKSceneViewCell.h */,
				C6EF30FD1BEB569600AF2133 /* JKSceneViewCell.m */,
			);
			name = View;
			sourceTree = "<group>";
		};
		C6FD4E211BF5DDBD00B1D6C5 /* MyUIKit */ = {
			isa = PBXGroup;
			children = (
				C6FD4E221BF5DDEB00B1D6C5 /* JKNavigationController.h */,
				C6FD4E231BF5DDEB00B1D6C5 /* JKNavigationController.m */,
				10B08AB81BF9741400A30654 /* JKTabBarController.h */,
				10B08AB91BF9741400A30654 /* JKTabBarController.m */,
				10B08ABB1BFABB9C00A30654 /* JKDefineMenuView.h */,
				10B08ABC1BFABB9C00A30654 /* JKDefineMenuView.m */,
			);
			name = MyUIKit;
			sourceTree = "<group>";
		};
/* End PBXGroup section */

/* Begin PBXNativeTarget section */
		1039D5761BE9B53600A56BE9 /* BlueToothBLE */ = {
			isa = PBXNativeTarget;
			buildConfigurationList = 1039D5A41BE9B53600A56BE9 /* Build configuration list for PBXNativeTarget "BlueToothBLE" */;
			buildPhases = (
				1039D5731BE9B53600A56BE9 /* Sources */,
				1039D5741BE9B53600A56BE9 /* Frameworks */,
				1039D5751BE9B53600A56BE9 /* Resources */,
			);
			buildRules = (
			);
			dependencies = (
			);
			name = BlueToothBLE;
			productName = BlueToothBLE;
			productReference = 1039D5771BE9B53600A56BE9 /* BlueToothBLE.app */;
			productType = "com.apple.product-type.application";
		};
		1039D58F1BE9B53600A56BE9 /* BlueToothBLETests */ = {
			isa = PBXNativeTarget;
			buildConfigurationList = 1039D5A71BE9B53600A56BE9 /* Build configuration list for PBXNativeTarget "BlueToothBLETests" */;
			buildPhases = (
				1039D58C1BE9B53600A56BE9 /* Sources */,
				1039D58D1BE9B53600A56BE9 /* Frameworks */,
				1039D58E1BE9B53600A56BE9 /* Resources */,
			);
			buildRules = (
			);
			dependencies = (
				1039D5921BE9B53600A56BE9 /* PBXTargetDependency */,
			);
			name = BlueToothBLETests;
			productName = BlueToothBLETests;
			productReference = 1039D5901BE9B53600A56BE9 /* BlueToothBLETests.xctest */;
			productType = "com.apple.product-type.bundle.unit-test";
		};
		1039D59A1BE9B53600A56BE9 /* BlueToothBLEUITests */ = {
			isa = PBXNativeTarget;
			buildConfigurationList = 1039D5AA1BE9B53600A56BE9 /* Build configuration list for PBXNativeTarget "BlueToothBLEUITests" */;
			buildPhases = (
				1039D5971BE9B53600A56BE9 /* Sources */,
				1039D5981BE9B53600A56BE9 /* Frameworks */,
				1039D5991BE9B53600A56BE9 /* Resources */,
			);
			buildRules = (
			);
			dependencies = (
				1039D59D1BE9B53600A56BE9 /* PBXTargetDependency */,
			);
			name = BlueToothBLEUITests;
			productName = BlueToothBLEUITests;
			productReference = 1039D59B1BE9B53600A56BE9 /* BlueToothBLEUITests.xctest */;
			productType = "com.apple.product-type.bundle.ui-testing";
		};
/* End PBXNativeTarget section */

/* Begin PBXProject section */
		1039D56F1BE9B53600A56BE9 /* Project object */ = {
			isa = PBXProject;
			attributes = {
				CLASSPREFIX = JK;
				LastUpgradeCheck = 0710;
				ORGANIZATIONNAME = beimu;
				TargetAttributes = {
					1039D5761BE9B53600A56BE9 = {
						CreatedOnToolsVersion = 7.1;
						DevelopmentTeam = 8RDH8AEPS5;
					};
					1039D58F1BE9B53600A56BE9 = {
						CreatedOnToolsVersion = 7.1;
						TestTargetID = 1039D5761BE9B53600A56BE9;
					};
					1039D59A1BE9B53600A56BE9 = {
						CreatedOnToolsVersion = 7.1;
						TestTargetID = 1039D5761BE9B53600A56BE9;
					};
				};
			};
			buildConfigurationList = 1039D5721BE9B53600A56BE9 /* Build configuration list for PBXProject "BlueToothBLE" */;
			compatibilityVersion = "Xcode 3.2";
			developmentRegion = English;
			hasScannedForEncodings = 0;
			knownRegions = (
				en,
				Base,
				"zh-Hans",
			);
			mainGroup = 1039D56E1BE9B53600A56BE9;
			productRefGroup = 1039D5781BE9B53600A56BE9 /* Products */;
			projectDirPath = "";
			projectRoot = "";
			targets = (
				1039D5761BE9B53600A56BE9 /* BlueToothBLE */,
				1039D58F1BE9B53600A56BE9 /* BlueToothBLETests */,
				1039D59A1BE9B53600A56BE9 /* BlueToothBLEUITests */,
			);
		};
/* End PBXProject section */

/* Begin PBXResourcesBuildPhase section */
		1039D5751BE9B53600A56BE9 /* Resources */ = {
			isa = PBXResourcesBuildPhase;
			buildActionMask = 2147483647;
			files = (
				1039D58A1BE9B53600A56BE9 /* LaunchScreen.storyboard in Resources */,
				C6EF31011BEB6C0500AF2133 /* Localizable.strings in Resources */,
				1039D5871BE9B53600A56BE9 /* Assets.xcassets in Resources */,
				1039D5851BE9B53600A56BE9 /* Main.storyboard in Resources */,
			);
			runOnlyForDeploymentPostprocessing = 0;
		};
		1039D58E1BE9B53600A56BE9 /* Resources */ = {
			isa = PBXResourcesBuildPhase;
			buildActionMask = 2147483647;
			files = (
			);
			runOnlyForDeploymentPostprocessing = 0;
		};
		1039D5991BE9B53600A56BE9 /* Resources */ = {
			isa = PBXResourcesBuildPhase;
			buildActionMask = 2147483647;
			files = (
			);
			runOnlyForDeploymentPostprocessing = 0;
		};
/* End PBXResourcesBuildPhase section */

/* Begin PBXSourcesBuildPhase section */
		1039D5731BE9B53600A56BE9 /* Sources */ = {
			isa = PBXSourcesBuildPhase;
			buildActionMask = 2147483647;
			files = (
				C6EF30FE1BEB569600AF2133 /* JKSceneViewCell.m in Sources */,
				10B08ABD1BFABB9C00A30654 /* JKDefineMenuView.m in Sources */,
				1035057B1BFC45FB00065C7D /* FXBlurView.m in Sources */,
				10A8271D1C02D955005C9BAD /* JKSceneModel.m in Sources */,
				10A8273C1C02E804005C9BAD /* JKBLEModel.m in Sources */,
				C6EF31081BEB7EE200AF2133 /* JKScenesTableViewController.m in Sources */,
				C6FD4E271BF5DF1200B1D6C5 /* JKControlViewController.m in Sources */,
				10A827401C02EDAB005C9BAD /* JKSaveSceneTool.m in Sources */,
				103505741BFC15C400065C7D /* JKScrollView.m in Sources */,
				C6FD4E2A1BF5EADA00B1D6C5 /* JKGroupTableViewController.m in Sources */,
				C64F8E331BFCC6DB0067339C /* JKMusicViewController.m in Sources */,
				C6FD4E241BF5DDEB00B1D6C5 /* JKNavigationController.m in Sources */,
				C6F014B31C04A4BE0051A56F /* JKBLEsManager.m in Sources */,
				C6188F031BEB0B5800E2F684 /* JKBLEServicAndCharacter.m in Sources */,
				C68A77B01BF8BB09001BBA04 /* JKTopLightView.m in Sources */,
				C64F8E301BFCC5E10067339C /* JKModeListViewController.m in Sources */,
				10B08ABA1BF9741400A30654 /* JKTabBarController.m in Sources */,
				C6188EF91BEB09CC00E2F684 /* UIImage+ColorAtPixel.m in Sources */,
				C6188EF81BEB09CC00E2F684 /* UIColor-Expanded.m in Sources */,
				1039D5821BE9B53600A56BE9 /* ViewController.m in Sources */,
				1039D57F1BE9B53600A56BE9 /* AppDelegate.m in Sources */,
				C6188F011BEB0B5800E2F684 /* JKBLEDeviceUtil.m in Sources */,
				10B08AC01BFAFD0C00A30654 /* JKColorPicker.m in Sources */,
				C6EF30FA1BEB515800AF2133 /* JKScenesViewController.m in Sources */,
				C6188F021BEB0B5800E2F684 /* JKBLEManager.m in Sources */,
				C6FD4E201BF5D51000B1D6C5 /* JKNewScenceController.m in Sources */,
				1039D57C1BE9B53600A56BE9 /* main.m in Sources */,
				C64F8E361BFCC7050067339C /* JKTimerViewController.m in Sources */,
			);
			runOnlyForDeploymentPostprocessing = 0;
		};
		1039D58C1BE9B53600A56BE9 /* Sources */ = {
			isa = PBXSourcesBuildPhase;
			buildActionMask = 2147483647;
			files = (
				1039D5951BE9B53600A56BE9 /* BlueToothBLETests.m in Sources */,
			);
			runOnlyForDeploymentPostprocessing = 0;
		};
		1039D5971BE9B53600A56BE9 /* Sources */ = {
			isa = PBXSourcesBuildPhase;
			buildActionMask = 2147483647;
			files = (
				1039D5A01BE9B53600A56BE9 /* BlueToothBLEUITests.m in Sources */,
			);
			runOnlyForDeploymentPostprocessing = 0;
		};
/* End PBXSourcesBuildPhase section */

/* Begin PBXTargetDependency section */
		1039D5921BE9B53600A56BE9 /* PBXTargetDependency */ = {
			isa = PBXTargetDependency;
			target = 1039D5761BE9B53600A56BE9 /* BlueToothBLE */;
			targetProxy = 1039D5911BE9B53600A56BE9 /* PBXContainerItemProxy */;
		};
		1039D59D1BE9B53600A56BE9 /* PBXTargetDependency */ = {
			isa = PBXTargetDependency;
			target = 1039D5761BE9B53600A56BE9 /* BlueToothBLE */;
			targetProxy = 1039D59C1BE9B53600A56BE9 /* PBXContainerItemProxy */;
		};
/* End PBXTargetDependency section */

/* Begin PBXVariantGroup section */
		1039D5831BE9B53600A56BE9 /* Main.storyboard */ = {
			isa = PBXVariantGroup;
			children = (
				1039D5841BE9B53600A56BE9 /* Base */,
			);
			name = Main.storyboard;
			sourceTree = "<group>";
		};
		1039D5881BE9B53600A56BE9 /* LaunchScreen.storyboard */ = {
			isa = PBXVariantGroup;
			children = (
				1039D5891BE9B53600A56BE9 /* Base */,
			);
			name = LaunchScreen.storyboard;
			sourceTree = "<group>";
		};
		C6EF31031BEB6C0500AF2133 /* Localizable.strings */ = {
			isa = PBXVariantGroup;
			children = (
				C6EF31021BEB6C0500AF2133 /* en */,
				C6EF31041BEB6C0900AF2133 /* Base */,
				C6EF31051BEB6C3A00AF2133 /* zh-Hans */,
			);
			name = Localizable.strings;
			sourceTree = "<group>";
		};
/* End PBXVariantGroup section */

/* Begin XCBuildConfiguration section */
		1039D5A21BE9B53600A56BE9 /* Debug */ = {
			isa = XCBuildConfiguration;
			buildSettings = {
				ALWAYS_SEARCH_USER_PATHS = NO;
				CLANG_CXX_LANGUAGE_STANDARD = "gnu++0x";
				CLANG_CXX_LIBRARY = "libc++";
				CLANG_ENABLE_MODULES = YES;
				CLANG_ENABLE_OBJC_ARC = YES;
				CLANG_WARN_BOOL_CONVERSION = YES;
				CLANG_WARN_CONSTANT_CONVERSION = YES;
				CLANG_WARN_DIRECT_OBJC_ISA_USAGE = YES_ERROR;
				CLANG_WARN_EMPTY_BODY = YES;
				CLANG_WARN_ENUM_CONVERSION = YES;
				CLANG_WARN_INT_CONVERSION = YES;
				CLANG_WARN_OBJC_ROOT_CLASS = YES_ERROR;
				CLANG_WARN_UNREACHABLE_CODE = YES;
				CLANG_WARN__DUPLICATE_METHOD_MATCH = YES;
				"CODE_SIGN_IDENTITY[sdk=iphoneos*]" = "iPhone Developer";
				COPY_PHASE_STRIP = NO;
				DEBUG_INFORMATION_FORMAT = dwarf;
				ENABLE_STRICT_OBJC_MSGSEND = YES;
				ENABLE_TESTABILITY = YES;
				GCC_C_LANGUAGE_STANDARD = gnu99;
				GCC_DYNAMIC_NO_PIC = NO;
				GCC_NO_COMMON_BLOCKS = YES;
				GCC_OPTIMIZATION_LEVEL = 0;
				GCC_PREPROCESSOR_DEFINITIONS = (
					"DEBUG=1",
					"$(inherited)",
				);
				GCC_WARN_64_TO_32_BIT_CONVERSION = YES;
				GCC_WARN_ABOUT_RETURN_TYPE = YES_ERROR;
				GCC_WARN_UNDECLARED_SELECTOR = YES;
				GCC_WARN_UNINITIALIZED_AUTOS = YES_AGGRESSIVE;
				GCC_WARN_UNUSED_FUNCTION = YES;
				GCC_WARN_UNUSED_VARIABLE = YES;
				IPHONEOS_DEPLOYMENT_TARGET = 9.1;
				MTL_ENABLE_DEBUG_INFO = YES;
				ONLY_ACTIVE_ARCH = YES;
				SDKROOT = iphoneos;
			};
			name = Debug;
		};
		1039D5A31BE9B53600A56BE9 /* Release */ = {
			isa = XCBuildConfiguration;
			buildSettings = {
				ALWAYS_SEARCH_USER_PATHS = NO;
				CLANG_CXX_LANGUAGE_STANDARD = "gnu++0x";
				CLANG_CXX_LIBRARY = "libc++";
				CLANG_ENABLE_MODULES = YES;
				CLANG_ENABLE_OBJC_ARC = YES;
				CLANG_WARN_BOOL_CONVERSION = YES;
				CLANG_WARN_CONSTANT_CONVERSION = YES;
				CLANG_WARN_DIRECT_OBJC_ISA_USAGE = YES_ERROR;
				CLANG_WARN_EMPTY_BODY = YES;
				CLANG_WARN_ENUM_CONVERSION = YES;
				CLANG_WARN_INT_CONVERSION = YES;
				CLANG_WARN_OBJC_ROOT_CLASS = YES_ERROR;
				CLANG_WARN_UNREACHABLE_CODE = YES;
				CLANG_WARN__DUPLICATE_METHOD_MATCH = YES;
				"CODE_SIGN_IDENTITY[sdk=iphoneos*]" = "iPhone Developer";
				COPY_PHASE_STRIP = NO;
				DEBUG_INFORMATION_FORMAT = "dwarf-with-dsym";
				ENABLE_NS_ASSERTIONS = NO;
				ENABLE_STRICT_OBJC_MSGSEND = YES;
				GCC_C_LANGUAGE_STANDARD = gnu99;
				GCC_NO_COMMON_BLOCKS = YES;
				GCC_WARN_64_TO_32_BIT_CONVERSION = YES;
				GCC_WARN_ABOUT_RETURN_TYPE = YES_ERROR;
				GCC_WARN_UNDECLARED_SELECTOR = YES;
				GCC_WARN_UNINITIALIZED_AUTOS = YES_AGGRESSIVE;
				GCC_WARN_UNUSED_FUNCTION = YES;
				GCC_WARN_UNUSED_VARIABLE = YES;
				IPHONEOS_DEPLOYMENT_TARGET = 9.1;
				MTL_ENABLE_DEBUG_INFO = NO;
				SDKROOT = iphoneos;
				VALIDATE_PRODUCT = YES;
			};
			name = Release;
		};
		1039D5A51BE9B53600A56BE9 /* Debug */ = {
			isa = XCBuildConfiguration;
			buildSettings = {
				ASSETCATALOG_COMPILER_APPICON_NAME = AppIcon;
				CODE_SIGN_IDENTITY = "iPhone Developer";
				GCC_PRECOMPILE_PREFIX_HEADER = YES;
				GCC_PREFIX_HEADER = BlueToothBLE/PrefixHeader.pch;
				INFOPLIST_FILE = BlueToothBLE/Info.plist;
				IPHONEOS_DEPLOYMENT_TARGET = 7.0;
				LD_RUNPATH_SEARCH_PATHS = "$(inherited) @executable_path/Frameworks";
				PRODUCT_BUNDLE_IDENTIFIER = com.beimu.BlueToothBLE;
				PRODUCT_NAME = "$(TARGET_NAME)";
			};
			name = Debug;
		};
		1039D5A61BE9B53600A56BE9 /* Release */ = {
			isa = XCBuildConfiguration;
			buildSettings = {
				ASSETCATALOG_COMPILER_APPICON_NAME = AppIcon;
				CODE_SIGN_IDENTITY = "iPhone Developer";
				GCC_PRECOMPILE_PREFIX_HEADER = YES;
				GCC_PREFIX_HEADER = BlueToothBLE/PrefixHeader.pch;
				INFOPLIST_FILE = BlueToothBLE/Info.plist;
				IPHONEOS_DEPLOYMENT_TARGET = 7.0;
				LD_RUNPATH_SEARCH_PATHS = "$(inherited) @executable_path/Frameworks";
				PRODUCT_BUNDLE_IDENTIFIER = com.beimu.BlueToothBLE;
				PRODUCT_NAME = "$(TARGET_NAME)";
			};
			name = Release;
		};
		1039D5A81BE9B53600A56BE9 /* Debug */ = {
			isa = XCBuildConfiguration;
			buildSettings = {
				BUNDLE_LOADER = "$(TEST_HOST)";
				INFOPLIST_FILE = BlueToothBLETests/Info.plist;
				LD_RUNPATH_SEARCH_PATHS = "$(inherited) @executable_path/Frameworks @loader_path/Frameworks";
				PRODUCT_BUNDLE_IDENTIFIER = com.beimu.BlueToothBLETests;
				PRODUCT_NAME = "$(TARGET_NAME)";
				TEST_HOST = "$(BUILT_PRODUCTS_DIR)/BlueToothBLE.app/BlueToothBLE";
			};
			name = Debug;
		};
		1039D5A91BE9B53600A56BE9 /* Release */ = {
			isa = XCBuildConfiguration;
			buildSettings = {
				BUNDLE_LOADER = "$(TEST_HOST)";
				INFOPLIST_FILE = BlueToothBLETests/Info.plist;
				LD_RUNPATH_SEARCH_PATHS = "$(inherited) @executable_path/Frameworks @loader_path/Frameworks";
				PRODUCT_BUNDLE_IDENTIFIER = com.beimu.BlueToothBLETests;
				PRODUCT_NAME = "$(TARGET_NAME)";
				TEST_HOST = "$(BUILT_PRODUCTS_DIR)/BlueToothBLE.app/BlueToothBLE";
			};
			name = Release;
		};
		1039D5AB1BE9B53600A56BE9 /* Debug */ = {
			isa = XCBuildConfiguration;
			buildSettings = {
				INFOPLIST_FILE = BlueToothBLEUITests/Info.plist;
				LD_RUNPATH_SEARCH_PATHS = "$(inherited) @executable_path/Frameworks @loader_path/Frameworks";
				PRODUCT_BUNDLE_IDENTIFIER = com.beimu.BlueToothBLEUITests;
				PRODUCT_NAME = "$(TARGET_NAME)";
				TEST_TARGET_NAME = BlueToothBLE;
				USES_XCTRUNNER = YES;
			};
			name = Debug;
		};
		1039D5AC1BE9B53600A56BE9 /* Release */ = {
			isa = XCBuildConfiguration;
			buildSettings = {
				INFOPLIST_FILE = BlueToothBLEUITests/Info.plist;
				LD_RUNPATH_SEARCH_PATHS = "$(inherited) @executable_path/Frameworks @loader_path/Frameworks";
				PRODUCT_BUNDLE_IDENTIFIER = com.beimu.BlueToothBLEUITests;
				PRODUCT_NAME = "$(TARGET_NAME)";
				TEST_TARGET_NAME = BlueToothBLE;
				USES_XCTRUNNER = YES;
			};
			name = Release;
		};
/* End XCBuildConfiguration section */

/* Begin XCConfigurationList section */
		1039D5721BE9B53600A56BE9 /* Build configuration list for PBXProject "BlueToothBLE" */ = {
			isa = XCConfigurationList;
			buildConfigurations = (
				1039D5A21BE9B53600A56BE9 /* Debug */,
				1039D5A31BE9B53600A56BE9 /* Release */,
			);
			defaultConfigurationIsVisible = 0;
			defaultConfigurationName = Release;
		};
		1039D5A41BE9B53600A56BE9 /* Build configuration list for PBXNativeTarget "BlueToothBLE" */ = {
			isa = XCConfigurationList;
			buildConfigurations = (
				1039D5A51BE9B53600A56BE9 /* Debug */,
				1039D5A61BE9B53600A56BE9 /* Release */,
			);
			defaultConfigurationIsVisible = 0;
			defaultConfigurationName = Release;
		};
		1039D5A71BE9B53600A56BE9 /* Build configuration list for PBXNativeTarget "BlueToothBLETests" */ = {
			isa = XCConfigurationList;
			buildConfigurations = (
				1039D5A81BE9B53600A56BE9 /* Debug */,
				1039D5A91BE9B53600A56BE9 /* Release */,
			);
			defaultConfigurationIsVisible = 0;
			defaultConfigurationName = Release;
		};
		1039D5AA1BE9B53600A56BE9 /* Build configuration list for PBXNativeTarget "BlueToothBLEUITests" */ = {
			isa = XCConfigurationList;
			buildConfigurations = (
				1039D5AB1BE9B53600A56BE9 /* Debug */,
				1039D5AC1BE9B53600A56BE9 /* Release */,
			);
			defaultConfigurationIsVisible = 0;
			defaultConfigurationName = Release;
		};
/* End XCConfigurationList section */
	};
	rootObject = 1039D56F1BE9B53600A56BE9 /* Project object */;
}
